// !$*UTF8*$!
{
	archiveVersion = 1;
	classes = {
	};
	objectVersion = 48;
	objects = {

/* Begin PBXBuildFile section */
		1756EE7E21E71974005EE332 /* AppDelegate.swift in Sources */ = {isa = PBXBuildFile; fileRef = 1756EE7D21E71974005EE332 /* AppDelegate.swift */; };
		1756EE8021E71974005EE332 /* ViewController.swift in Sources */ = {isa = PBXBuildFile; fileRef = 1756EE7F21E71974005EE332 /* ViewController.swift */; };
		1756EE8321E71974005EE332 /* Main.storyboard in Resources */ = {isa = PBXBuildFile; fileRef = 1756EE8121E71974005EE332 /* Main.storyboard */; };
		1756EE8821E71974005EE332 /* LaunchScreen.storyboard in Resources */ = {isa = PBXBuildFile; fileRef = 1756EE8621E71974005EE332 /* LaunchScreen.storyboard */; };
		1756EE9321E71974005EE332 /* SwiftDemoOneTests.swift in Sources */ = {isa = PBXBuildFile; fileRef = 1756EE9221E71974005EE332 /* SwiftDemoOneTests.swift */; };
		1756EE9E21E71974005EE332 /* SwiftDemoOneUITests.swift in Sources */ = {isa = PBXBuildFile; fileRef = 1756EE9D21E71974005EE332 /* SwiftDemoOneUITests.swift */; };
		1756EEAC21E71A15005EE332 /* RootTabBarViewController.swift in Sources */ = {isa = PBXBuildFile; fileRef = 1756EEAB21E71A15005EE332 /* RootTabBarViewController.swift */; };
		1756EEAE21E71AAF005EE332 /* Color_extension.swift in Sources */ = {isa = PBXBuildFile; fileRef = 1756EEAD21E71AAF005EE332 /* Color_extension.swift */; };
		1756EEB021E71C72005EE332 /* FoodViewController.swift in Sources */ = {isa = PBXBuildFile; fileRef = 1756EEAF21E71C72005EE332 /* FoodViewController.swift */; };
		1756EEB221E71CD8005EE332 /* FoodViewMode.swift in Sources */ = {isa = PBXBuildFile; fileRef = 1756EEB121E71CD8005EE332 /* FoodViewMode.swift */; };
		1756EEBC21E7204B005EE332 /* Assets.xcassets in Resources */ = {isa = PBXBuildFile; fileRef = 1756EEBB21E7204B005EE332 /* Assets.xcassets */; };
		1756EEBE21E72FCB005EE332 /* DetailViewController.swift in Sources */ = {isa = PBXBuildFile; fileRef = 1756EEBD21E72FCB005EE332 /* DetailViewController.swift */; };
		1756EEC021E74FC8005EE332 /* GroupViewController.swift in Sources */ = {isa = PBXBuildFile; fileRef = 1756EEBF21E74FC8005EE332 /* GroupViewController.swift */; };
		1756EEC221E87D9D005EE332 /* LoginViewController.swift in Sources */ = {isa = PBXBuildFile; fileRef = 1756EEC121E87D9D005EE332 /* LoginViewController.swift */; };
		1756EEC421E886AD005EE332 /* MessageViewController.swift in Sources */ = {isa = PBXBuildFile; fileRef = 1756EEC321E886AD005EE332 /* MessageViewController.swift */; };
/* End PBXBuildFile section */

/* Begin PBXContainerItemProxy section */
		1756EE8F21E71974005EE332 /* PBXContainerItemProxy */ = {
			isa = PBXContainerItemProxy;
			containerPortal = 1756EE7221E71973005EE332 /* Project object */;
			proxyType = 1;
			remoteGlobalIDString = 1756EE7921E71974005EE332;
			remoteInfo = SwiftDemoOne;
		};
		1756EE9A21E71974005EE332 /* PBXContainerItemProxy */ = {
			isa = PBXContainerItemProxy;
			containerPortal = 1756EE7221E71973005EE332 /* Project object */;
			proxyType = 1;
			remoteGlobalIDString = 1756EE7921E71974005EE332;
			remoteInfo = SwiftDemoOne;
		};
/* End PBXContainerItemProxy section */

/* Begin PBXFileReference section */
		1756EE7A21E71974005EE332 /* SwiftDemoOne.app */ = {isa = PBXFileReference; explicitFileType = wrapper.application; includeInIndex = 0; path = SwiftDemoOne.app; sourceTree = BUILT_PRODUCTS_DIR; };
		1756EE7D21E71974005EE332 /* AppDelegate.swift */ = {isa = PBXFileReference; lastKnownFileType = sourcecode.swift; path = AppDelegate.swift; sourceTree = "<group>"; };
		1756EE7F21E71974005EE332 /* ViewController.swift */ = {isa = PBXFileReference; lastKnownFileType = sourcecode.swift; path = ViewController.swift; sourceTree = "<group>"; };
		1756EE8221E71974005EE332 /* Base */ = {isa = PBXFileReference; lastKnownFileType = file.storyboard; name = Base; path = Base.lproj/Main.storyboard; sourceTree = "<group>"; };
		1756EE8721E71974005EE332 /* Base */ = {isa = PBXFileReference; lastKnownFileType = file.storyboard; name = Base; path = Base.lproj/LaunchScreen.storyboard; sourceTree = "<group>"; };
		1756EE8921E71974005EE332 /* Info.plist */ = {isa = PBXFileReference; lastKnownFileType = text.plist.xml; path = Info.plist; sourceTree = "<group>"; };
		1756EE8E21E71974005EE332 /* SwiftDemoOneTests.xctest */ = {isa = PBXFileReference; explicitFileType = wrapper.cfbundle; includeInIndex = 0; path = SwiftDemoOneTests.xctest; sourceTree = BUILT_PRODUCTS_DIR; };
		1756EE9221E71974005EE332 /* SwiftDemoOneTests.swift */ = {isa = PBXFileReference; lastKnownFileType = sourcecode.swift; path = SwiftDemoOneTests.swift; sourceTree = "<group>"; };
		1756EE9421E71974005EE332 /* Info.plist */ = {isa = PBXFileReference; lastKnownFileType = text.plist.xml; path = Info.plist; sourceTree = "<group>"; };
		1756EE9921E71974005EE332 /* SwiftDemoOneUITests.xctest */ = {isa = PBXFileReference; explicitFileType = wrapper.cfbundle; includeInIndex = 0; path = SwiftDemoOneUITests.xctest; sourceTree = BUILT_PRODUCTS_DIR; };
		1756EE9D21E71974005EE332 /* SwiftDemoOneUITests.swift */ = {isa = PBXFileReference; lastKnownFileType = sourcecode.swift; path = SwiftDemoOneUITests.swift; sourceTree = "<group>"; };
		1756EE9F21E71974005EE332 /* Info.plist */ = {isa = PBXFileReference; lastKnownFileType = text.plist.xml; path = Info.plist; sourceTree = "<group>"; };
		1756EEAB21E71A15005EE332 /* RootTabBarViewController.swift */ = {isa = PBXFileReference; lastKnownFileType = sourcecode.swift; path = RootTabBarViewController.swift; sourceTree = "<group>"; };
		1756EEAD21E71AAF005EE332 /* Color_extension.swift */ = {isa = PBXFileReference; lastKnownFileType = sourcecode.swift; path = Color_extension.swift; sourceTree = "<group>"; };
		1756EEAF21E71C72005EE332 /* FoodViewController.swift */ = {isa = PBXFileReference; lastKnownFileType = sourcecode.swift; path = FoodViewController.swift; sourceTree = "<group>"; };
		1756EEB121E71CD8005EE332 /* FoodViewMode.swift */ = {isa = PBXFileReference; lastKnownFileType = sourcecode.swift; path = FoodViewMode.swift; sourceTree = "<group>"; };
		1756EEBB21E7204B005EE332 /* Assets.xcassets */ = {isa = PBXFileReference; lastKnownFileType = folder.assetcatalog; path = Assets.xcassets; sourceTree = "<group>"; };
		1756EEBD21E72FCB005EE332 /* DetailViewController.swift */ = {isa = PBXFileReference; lastKnownFileType = sourcecode.swift; path = DetailViewController.swift; sourceTree = "<group>"; };
		1756EEBF21E74FC8005EE332 /* GroupViewController.swift */ = {isa = PBXFileReference; lastKnownFileType = sourcecode.swift; path = GroupViewController.swift; sourceTree = "<group>"; };
		1756EEC121E87D9D005EE332 /* LoginViewController.swift */ = {isa = PBXFileReference; lastKnownFileType = sourcecode.swift; path = LoginViewController.swift; sourceTree = "<group>"; };
		1756EEC321E886AD005EE332 /* MessageViewController.swift */ = {isa = PBXFileReference; lastKnownFileType = sourcecode.swift; path = MessageViewController.swift; sourceTree = "<group>"; };
/* End PBXFileReference section */

/* Begin PBXFrameworksBuildPhase section */
		1756EE7721E71974005EE332 /* Frameworks */ = {
			isa = PBXFrameworksBuildPhase;
			buildActionMask = 2147483647;
			files = (
			);
			runOnlyForDeploymentPostprocessing = 0;
		};
		1756EE8B21E71974005EE332 /* Frameworks */ = {
			isa = PBXFrameworksBuildPhase;
			buildActionMask = 2147483647;
			files = (
			);
			runOnlyForDeploymentPostprocessing = 0;
		};
		1756EE9621E71974005EE332 /* Frameworks */ = {
			isa = PBXFrameworksBuildPhase;
			buildActionMask = 2147483647;
			files = (
			);
			runOnlyForDeploymentPostprocessing = 0;
		};
/* End PBXFrameworksBuildPhase section */

/* Begin PBXGroup section */
		1756EE7121E71973005EE332 = {
			isa = PBXGroup;
			children = (
				1756EE7C21E71974005EE332 /* SwiftDemoOne */,
				1756EE9121E71974005EE332 /* SwiftDemoOneTests */,
				1756EE9C21E71974005EE332 /* SwiftDemoOneUITests */,
				1756EE7B21E71974005EE332 /* Products */,
			);
			sourceTree = "<group>";
		};
		1756EE7B21E71974005EE332 /* Products */ = {
			isa = PBXGroup;
			children = (
				1756EE7A21E71974005EE332 /* SwiftDemoOne.app */,
				1756EE8E21E71974005EE332 /* SwiftDemoOneTests.xctest */,
				1756EE9921E71974005EE332 /* SwiftDemoOneUITests.xctest */,
			);
			name = Products;
			sourceTree = "<group>";
		};
		1756EE7C21E71974005EE332 /* SwiftDemoOne */ = {
			isa = PBXGroup;
			children = (
				1756EEBB21E7204B005EE332 /* Assets.xcassets */,
				1756EE7D21E71974005EE332 /* AppDelegate.swift */,
				1756EE7F21E71974005EE332 /* ViewController.swift */,
				1756EE8121E71974005EE332 /* Main.storyboard */,
				1756EE8621E71974005EE332 /* LaunchScreen.storyboard */,
				1756EE8921E71974005EE332 /* Info.plist */,
				1756EEAB21E71A15005EE332 /* RootTabBarViewController.swift */,
				1756EEAD21E71AAF005EE332 /* Color_extension.swift */,
				1756EEAF21E71C72005EE332 /* FoodViewController.swift */,
				1756EEB121E71CD8005EE332 /* FoodViewMode.swift */,
				1756EEBD21E72FCB005EE332 /* DetailViewController.swift */,
				1756EEBF21E74FC8005EE332 /* GroupViewController.swift */,
				1756EEC121E87D9D005EE332 /* LoginViewController.swift */,
				1756EEC321E886AD005EE332 /* MessageViewController.swift */,
			);
			path = SwiftDemoOne;
			sourceTree = "<group>";
		};
		1756EE9121E71974005EE332 /* SwiftDemoOneTests */ = {
			isa = PBXGroup;
			children = (
				1756EE9221E71974005EE332 /* SwiftDemoOneTests.swift */,
				1756EE9421E71974005EE332 /* Info.plist */,
			);
			path = SwiftDemoOneTests;
			sourceTree = "<group>";
		};
		1756EE9C21E71974005EE332 /* SwiftDemoOneUITests */ = {
			isa = PBXGroup;
			children = (
				1756EE9D21E71974005EE332 /* SwiftDemoOneUITests.swift */,
				1756EE9F21E71974005EE332 /* Info.plist */,
			);
			path = SwiftDemoOneUITests;
			sourceTree = "<group>";
		};
/* End PBXGroup section */

/* Begin PBXNativeTarget section */
		1756EE7921E71974005EE332 /* SwiftDemoOne */ = {
			isa = PBXNativeTarget;
			buildConfigurationList = 1756EEA221E71974005EE332 /* Build configuration list for PBXNativeTarget "SwiftDemoOne" */;
			buildPhases = (
				1756EE7621E71974005EE332 /* Sources */,
				1756EE7721E71974005EE332 /* Frameworks */,
				1756EE7821E71974005EE332 /* Resources */,
			);
			buildRules = (
			);
			dependencies = (
			);
			name = SwiftDemoOne;
			productName = SwiftDemoOne;
			productReference = 1756EE7A21E71974005EE332 /* SwiftDemoOne.app */;
			productType = "com.apple.product-type.application";
		};
		1756EE8D21E71974005EE332 /* SwiftDemoOneTests */ = {
			isa = PBXNativeTarget;
			buildConfigurationList = 1756EEA521E71974005EE332 /* Build configuration list for PBXNativeTarget "SwiftDemoOneTests" */;
			buildPhases = (
				1756EE8A21E71974005EE332 /* Sources */,
				1756EE8B21E71974005EE332 /* Frameworks */,
				1756EE8C21E71974005EE332 /* Resources */,
			);
			buildRules = (
			);
			dependencies = (
				1756EE9021E71974005EE332 /* PBXTargetDependency */,
			);
			name = SwiftDemoOneTests;
			productName = SwiftDemoOneTests;
			productReference = 1756EE8E21E71974005EE332 /* SwiftDemoOneTests.xctest */;
			productType = "com.apple.product-type.bundle.unit-test";
		};
		1756EE9821E71974005EE332 /* SwiftDemoOneUITests */ = {
			isa = PBXNativeTarget;
			buildConfigurationList = 1756EEA821E71974005EE332 /* Build configuration list for PBXNativeTarget "SwiftDemoOneUITests" */;
			buildPhases = (
				1756EE9521E71974005EE332 /* Sources */,
				1756EE9621E71974005EE332 /* Frameworks */,
				1756EE9721E71974005EE332 /* Resources */,
			);
			buildRules = (
			);
			dependencies = (
				1756EE9B21E71974005EE332 /* PBXTargetDependency */,
			);
			name = SwiftDemoOneUITests;
			productName = SwiftDemoOneUITests;
			productReference = 1756EE9921E71974005EE332 /* SwiftDemoOneUITests.xctest */;
			productType = "com.apple.product-type.bundle.ui-testing";
		};
/* End PBXNativeTarget section */

/* Begin PBXProject section */
		1756EE7221E71973005EE332 /* Project object */ = {
			isa = PBXProject;
			attributes = {
				LastSwiftUpdateCheck = 0910;
				LastUpgradeCheck = 0910;
				ORGANIZATIONNAME = Demo;
				TargetAttributes = {
					1756EE7921E71974005EE332 = {
						CreatedOnToolsVersion = 9.1;
						ProvisioningStyle = Automatic;
					};
					1756EE8D21E71974005EE332 = {
						CreatedOnToolsVersion = 9.1;
						ProvisioningStyle = Automatic;
						TestTargetID = 1756EE7921E71974005EE332;
					};
					1756EE9821E71974005EE332 = {
						CreatedOnToolsVersion = 9.1;
						ProvisioningStyle = Automatic;
						TestTargetID = 1756EE7921E71974005EE332;
					};
				};
			};
			buildConfigurationList = 1756EE7521E71973005EE332 /* Build configuration list for PBXProject "SwiftDemoOne" */;
			compatibilityVersion = "Xcode 8.0";
			developmentRegion = en;
			hasScannedForEncodings = 0;
			knownRegions = (
				en,
				Base,
			);
			mainGroup = 1756EE7121E71973005EE332;
			productRefGroup = 1756EE7B21E71974005EE332 /* Products */;
			projectDirPath = "";
			projectRoot = "";
			targets = (
				1756EE7921E71974005EE332 /* SwiftDemoOne */,
				1756EE8D21E71974005EE332 /* SwiftDemoOneTests */,
				1756EE9821E71974005EE332 /* SwiftDemoOneUITests */,
			);
		};
/* End PBXProject section */

/* Begin PBXResourcesBuildPhase section */
		1756EE7821E71974005EE332 /* Resources */ = {
			isa = PBXResourcesBuildPhase;
			buildActionMask = 2147483647;
			files = (
				1756EE8821E71974005EE332 /* LaunchScreen.storyboard in Resources */,
				1756EEBC21E7204B005EE332 /* Assets.xcassets in Resources */,
				1756EE8321E71974005EE332 /* Main.storyboard in Resources */,
			);
			runOnlyForDeploymentPostprocessing = 0;
		};
		1756EE8C21E71974005EE332 /* Resources */ = {
			isa = PBXResourcesBuildPhase;
			buildActionMask = 2147483647;
			files = (
			);
			runOnlyForDeploymentPostprocessing = 0;
		};
		1756EE9721E71974005EE332 /* Resources */ = {
			isa = PBXResourcesBuildPhase;
			buildActionMask = 2147483647;
			files = (
			);
			runOnlyForDeploymentPostprocessing = 0;
		};
/* End PBXResourcesBuildPhase section */

/* Begin PBXSourcesBuildPhase section */
		1756EE7621E71974005EE332 /* Sources */ = {
			isa = PBXSourcesBuildPhase;
			buildActionMask = 2147483647;
			files = (
				1756EEC221E87D9D005EE332 /* LoginViewController.swift in Sources */,
				1756EEC021E74FC8005EE332 /* GroupViewController.swift in Sources */,
				1756EE8021E71974005EE332 /* ViewController.swift in Sources */,
				1756EEB021E71C72005EE332 /* FoodViewController.swift in Sources */,
				1756EEC421E886AD005EE332 /* MessageViewController.swift in Sources */,
				1756EEAC21E71A15005EE332 /* RootTabBarViewController.swift in Sources */,
				1756EEB221E71CD8005EE332 /* FoodViewMode.swift in Sources */,
				1756EE7E21E71974005EE332 /* AppDelegate.swift in Sources */,
				1756EEAE21E71AAF005EE332 /* Color_extension.swift in Sources */,
				1756EEBE21E72FCB005EE332 /* DetailViewController.swift in Sources */,
			);
			runOnlyForDeploymentPostprocessing = 0;
		};
		1756EE8A21E71974005EE332 /* Sources */ = {
			isa = PBXSourcesBuildPhase;
			buildActionMask = 2147483647;
			files = (
				1756EE9321E71974005EE332 /* SwiftDemoOneTests.swift in Sources */,
			);
			runOnlyForDeploymentPostprocessing = 0;
		};
		1756EE9521E71974005EE332 /* Sources */ = {
			isa = PBXSourcesBuildPhase;
			buildActionMask = 2147483647;
			files = (
				1756EE9E21E71974005EE332 /* SwiftDemoOneUITests.swift in Sources */,
			);
			runOnlyForDeploymentPostprocessing = 0;
		};
/* End PBXSourcesBuildPhase section */

/* Begin PBXTargetDependency section */
		1756EE9021E71974005EE332 /* PBXTargetDependency */ = {
			isa = PBXTargetDependency;
			target = 1756EE7921E71974005EE332 /* SwiftDemoOne */;
			targetProxy = 1756EE8F21E71974005EE332 /* PBXContainerItemProxy */;
		};
		1756EE9B21E71974005EE332 /* PBXTargetDependency */ = {
			isa = PBXTargetDependency;
			target = 1756EE7921E71974005EE332 /* SwiftDemoOne */;
			targetProxy = 1756EE9A21E71974005EE332 /* PBXContainerItemProxy */;
		};
/* End PBXTargetDependency section */

/* Begin PBXVariantGroup section */
		1756EE8121E71974005EE332 /* Main.storyboard */ = {
			isa = PBXVariantGroup;
			children = (
				1756EE8221E71974005EE332 /* Base */,
			);
			name = Main.storyboard;
			sourceTree = "<group>";
		};
		1756EE8621E71974005EE332 /* LaunchScreen.storyboard */ = {
			isa = PBXVariantGroup;
			children = (
				1756EE8721E71974005EE332 /* Base */,
			);
			name = LaunchScreen.storyboard;
			sourceTree = "<group>";
		};
/* End PBXVariantGroup section */

/* Begin XCBuildConfiguration section */
		1756EEA021E71974005EE332 /* Debug */ = {
			isa = XCBuildConfiguration;
			buildSettings = {
				ALWAYS_SEARCH_USER_PATHS = NO;
				CLANG_ANALYZER_NONNULL = YES;
				CLANG_ANALYZER_NUMBER_OBJECT_CONVERSION = YES_AGGRESSIVE;
				CLANG_CXX_LANGUAGE_STANDARD = "gnu++14";
				CLANG_CXX_LIBRARY = "libc++";
				CLANG_ENABLE_MODULES = YES;
				CLANG_ENABLE_OBJC_ARC = YES;
				CLANG_WARN_BLOCK_CAPTURE_AUTORELEASING = YES;
				CLANG_WARN_BOOL_CONVERSION = YES;
				CLANG_WARN_COMMA = YES;
				CLANG_WARN_CONSTANT_CONVERSION = YES;
				CLANG_WARN_DIRECT_OBJC_ISA_USAGE = YES_ERROR;
				CLANG_WARN_DOCUMENTATION_COMMENTS = YES;
				CLANG_WARN_EMPTY_BODY = YES;
				CLANG_WARN_ENUM_CONVERSION = YES;
				CLANG_WARN_INFINITE_RECURSION = YES;
				CLANG_WARN_INT_CONVERSION = YES;
				CLANG_WARN_NON_LITERAL_NULL_CONVERSION = YES;
				CLANG_WARN_OBJC_LITERAL_CONVERSION = YES;
				CLANG_WARN_OBJC_ROOT_CLASS = YES_ERROR;
				CLANG_WARN_RANGE_LOOP_ANALYSIS = YES;
				CLANG_WARN_STRICT_PROTOTYPES = YES;
				CLANG_WARN_SUSPICIOUS_MOVE = YES;
				CLANG_WARN_UNGUARDED_AVAILABILITY = YES_AGGRESSIVE;
				CLANG_WARN_UNREACHABLE_CODE = YES;
				CLANG_WARN__DUPLICATE_METHOD_MATCH = YES;
				CODE_SIGN_IDENTITY = "iPhone Developer";
				COPY_PHASE_STRIP = NO;
				DEBUG_INFORMATION_FORMAT = dwarf;
				ENABLE_STRICT_OBJC_MSGSEND = YES;
				ENABLE_TESTABILITY = YES;
				GCC_C_LANGUAGE_STANDARD = gnu11;
				GCC_DYNAMIC_NO_PIC = NO;
				GCC_NO_COMMON_BLOCKS = YES;
				GCC_OPTIMIZATION_LEVEL = 0;
				GCC_PREPROCESSOR_DEFINITIONS = (
					"DEBUG=1",
					"$(inherited)",
				);
				GCC_WARN_64_TO_32_BIT_CONVERSION = YES;
				GCC_WARN_ABOUT_RETURN_TYPE = YES_ERROR;
				GCC_WARN_UNDECLARED_SELECTOR = YES;
				GCC_WARN_UNINITIALIZED_AUTOS = YES_AGGRESSIVE;
				GCC_WARN_UNUSED_FUNCTION = YES;
				GCC_WARN_UNUSED_VARIABLE = YES;
				IPHONEOS_DEPLOYMENT_TARGET = 11.1;
				MTL_ENABLE_DEBUG_INFO = YES;
				ONLY_ACTIVE_ARCH = YES;
				SDKROOT = iphoneos;
				SWIFT_ACTIVE_COMPILATION_CONDITIONS = DEBUG;
				SWIFT_OPTIMIZATION_LEVEL = "-Onone";
			};
			name = Debug;
		};
		1756EEA121E71974005EE332 /* Release */ = {
			isa = XCBuildConfiguration;
			buildSettings = {
				ALWAYS_SEARCH_USER_PATHS = NO;
				CLANG_ANALYZER_NONNULL = YES;
				CLANG_ANALYZER_NUMBER_OBJECT_CONVERSION = YES_AGGRESSIVE;
				CLANG_CXX_LANGUAGE_STANDARD = "gnu++14";
				CLANG_CXX_LIBRARY = "libc++";
				CLANG_ENABLE_MODULES = YES;
				CLANG_ENABLE_OBJC_ARC = YES;
				CLANG_WARN_BLOCK_CAPTURE_AUTORELEASING = YES;
				CLANG_WARN_BOOL_CONVERSION = YES;
				CLANG_WARN_COMMA = YES;
				CLANG_WARN_CONSTANT_CONVERSION = YES;
				CLANG_WARN_DIRECT_OBJC_ISA_USAGE = YES_ERROR;
				CLANG_WARN_DOCUMENTATION_COMMENTS = YES;
				CLANG_WARN_EMPTY_BODY = YES;
				CLANG_WARN_ENUM_CONVERSION = YES;
				CLANG_WARN_INFINITE_RECURSION = YES;
				CLANG_WARN_INT_CONVERSION = YES;
				CLANG_WARN_NON_LITERAL_NULL_CONVERSION = YES;
				CLANG_WARN_OBJC_LITERAL_CONVERSION = YES;
				CLANG_WARN_OBJC_ROOT_CLASS = YES_ERROR;
				CLANG_WARN_RANGE_LOOP_ANALYSIS = YES;
				CLANG_WARN_STRICT_PROTOTYPES = YES;
				CLANG_WARN_SUSPICIOUS_MOVE = YES;
				CLANG_WARN_UNGUARDED_AVAILABILITY = YES_AGGRESSIVE;
				CLANG_WARN_UNREACHABLE_CODE = YES;
				CLANG_WARN__DUPLICATE_METHOD_MATCH = YES;
				CODE_SIGN_IDENTITY = "iPhone Developer";
				COPY_PHASE_STRIP = NO;
				DEBUG_INFORMATION_FORMAT = "dwarf-with-dsym";
				ENABLE_NS_ASSERTIONS = NO;
				ENABLE_STRICT_OBJC_MSGSEND = YES;
				GCC_C_LANGUAGE_STANDARD = gnu11;
				GCC_NO_COMMON_BLOCKS = YES;
				GCC_WARN_64_TO_32_BIT_CONVERSION = YES;
				GCC_WARN_ABOUT_RETURN_TYPE = YES_ERROR;
				GCC_WARN_UNDECLARED_SELECTOR = YES;
				GCC_WARN_UNINITIALIZED_AUTOS = YES_AGGRESSIVE;
				GCC_WARN_UNUSED_FUNCTION = YES;
				GCC_WARN_UNUSED_VARIABLE = YES;
				IPHONEOS_DEPLOYMENT_TARGET = 11.1;
				MTL_ENABLE_DEBUG_INFO = NO;
				SDKROOT = iphoneos;
				SWIFT_OPTIMIZATION_LEVEL = "-Owholemodule";
				VALIDATE_PRODUCT = YES;
			};
			name = Release;
		};
		1756EEA321E71974005EE332 /* Debug */ = {
			isa = XCBuildConfiguration;
			buildSettings = {
				ASSETCATALOG_COMPILER_APPICON_NAME = AppIcon;
				ASSETCATALOG_COMPILER_LAUNCHIMAGE_NAME = LaunchImage;
				CODE_SIGN_STYLE = Automatic;
				DEVELOPMENT_TEAM = DPY9J9LVFZ;
				INFOPLIST_FILE = SwiftDemoOne/Info.plist;
				LD_RUNPATH_SEARCH_PATHS = "$(inherited) @executable_path/Frameworks";
				PRODUCT_BUNDLE_IDENTIFIER = com.colin.demo.SwiftDemoOne;
				PRODUCT_NAME = "$(TARGET_NAME)";
				SWIFT_VERSION = 4.0;
				TARGETED_DEVICE_FAMILY = "1,2";
			};
			name = Debug;
		};
		1756EEA421E71974005EE332 /* Release */ = {
			isa = XCBuildConfiguration;
			buildSettings = {
				ASSETCATALOG_COMPILER_APPICON_NAME = AppIcon;
				ASSETCATALOG_COMPILER_LAUNCHIMAGE_NAME = LaunchImage;
				CODE_SIGN_STYLE = Automatic;
				DEVELOPMENT_TEAM = DPY9J9LVFZ;
				INFOPLIST_FILE = SwiftDemoOne/Info.plist;
				LD_RUNPATH_SEARCH_PATHS = "$(inherited) @executable_path/Frameworks";
				PRODUCT_BUNDLE_IDENTIFIER = com.colin.demo.SwiftDemoOne;
				PRODUCT_NAME = "$(TARGET_NAME)";
				SWIFT_VERSION = 4.0;
				TARGETED_DEVICE_FAMILY = "1,2";
			};
			name = Release;
		};
		1756EEA621E71974005EE332 /* Debug */ = {
			isa = XCBuildConfiguration;
			buildSettings = {
				ALWAYS_EMBED_SWIFT_STANDARD_LIBRARIES = YES;
				BUNDLE_LOADER = "$(TEST_HOST)";
				CODE_SIGN_STYLE = Automatic;
				DEVELOPMENT_TEAM = DPY9J9LVFZ;
				INFOPLIST_FILE = SwiftDemoOneTests/Info.plist;
				LD_RUNPATH_SEARCH_PATHS = "$(inherited) @executable_path/Frameworks @loader_path/Frameworks";
				PRODUCT_BUNDLE_IDENTIFIER = com.colin.demo.SwiftDemoOneTests;
				PRODUCT_NAME = "$(TARGET_NAME)";
				SWIFT_VERSION = 4.0;
				TARGETED_DEVICE_FAMILY = "1,2";
				TEST_HOST = "$(BUILT_PRODUCTS_DIR)/SwiftDemoOne.app/SwiftDemoOne";
			};
			name = Debug;
		};
		1756EEA721E71974005EE332 /* Release */ = {
			isa = XCBuildConfiguration;
			buildSettings = {
				ALWAYS_EMBED_SWIFT_STANDARD_LIBRARIES = YES;
				BUNDLE_LOADER = "$(TEST_HOST)";
				CODE_SIGN_STYLE = Automatic;
				DEVELOPMENT_TEAM = DPY9J9LVFZ;
				INFOPLIST_FILE = SwiftDemoOneTests/Info.plist;
				LD_RUNPATH_SEARCH_PATHS = "$(inherited) @executable_path/Frameworks @loader_path/Frameworks";
				PRODUCT_BUNDLE_IDENTIFIER = com.colin.demo.SwiftDemoOneTests;
				PRODUCT_NAME = "$(TARGET_NAME)";
				SWIFT_VERSION = 4.0;
				TARGETED_DEVICE_FAMILY = "1,2";
				TEST_HOST = "$(BUILT_PRODUCTS_DIR)/SwiftDemoOne.app/SwiftDemoOne";
			};
			name = Release;
		};
		1756EEA921E71974005EE332 /* Debug */ = {
			isa = XCBuildConfiguration;
			buildSettings = {
				ALWAYS_EMBED_SWIFT_STANDARD_LIBRARIES = YES;
				CODE_SIGN_STYLE = Automatic;
				DEVELOPMENT_TEAM = DPY9J9LVFZ;
				INFOPLIST_FILE = SwiftDemoOneUITests/Info.plist;
				LD_RUNPATH_SEARCH_PATHS = "$(inherited) @executable_path/Frameworks @loader_path/Frameworks";
				PRODUCT_BUNDLE_IDENTIFIER = com.colin.demo.SwiftDemoOneUITests;
				PRODUCT_NAME = "$(TARGET_NAME)";
				SWIFT_VERSION = 4.0;
				TARGETED_DEVICE_FAMILY = "1,2";
				TEST_TARGET_NAME = SwiftDemoOne;
			};
			name = Debug;
		};
		1756EEAA21E71974005EE332 /* Release */ = {
			isa = XCBuildConfiguration;
			buildSettings = {
				ALWAYS_EMBED_SWIFT_STANDARD_LIBRARIES = YES;
				CODE_SIGN_STYLE = Automatic;
				DEVELOPMENT_TEAM = DPY9J9LVFZ;
				INFOPLIST_FILE = SwiftDemoOneUITests/Info.plist;
				LD_RUNPATH_SEARCH_PATHS = "$(inherited) @executable_path/Frameworks @loader_path/Frameworks";
				PRODUCT_BUNDLE_IDENTIFIER = com.colin.demo.SwiftDemoOneUITests;
				PRODUCT_NAME = "$(TARGET_NAME)";
				SWIFT_VERSION = 4.0;
				TARGETED_DEVICE_FAMILY = "1,2";
				TEST_TARGET_NAME = SwiftDemoOne;
			};
			name = Release;
		};
/* End XCBuildConfiguration section */

/* Begin XCConfigurationList section */
		1756EE7521E71973005EE332 /* Build configuration list for PBXProject "SwiftDemoOne" */ = {
			isa = XCConfigurationList;
			buildConfigurations = (
				1756EEA021E71974005EE332 /* Debug */,
				1756EEA121E71974005EE332 /* Release */,
			);
			defaultConfigurationIsVisible = 0;
			defaultConfigurationName = Release;
		};
		1756EEA221E71974005EE332 /* Build configuration list for PBXNativeTarget "SwiftDemoOne" */ = {
			isa = XCConfigurationList;
			buildConfigurations = (
				1756EEA321E71974005EE332 /* Debug */,
				1756EEA421E71974005EE332 /* Release */,
			);
			defaultConfigurationIsVisible = 0;
			defaultConfigurationName = Release;
		};
		1756EEA521E71974005EE332 /* Build configuration list for PBXNativeTarget "SwiftDemoOneTests" */ = {
			isa = XCConfigurationList;
			buildConfigurations = (
				1756EEA621E71974005EE332 /* Debug */,
				1756EEA721E71974005EE332 /* Release */,
			);
			defaultConfigurationIsVisible = 0;
			defaultConfigurationName = Release;
		};
		1756EEA821E71974005EE332 /* Build configuration list for PBXNativeTarget "SwiftDemoOneUITests" */ = {
			isa = XCConfigurationList;
			buildConfigurations = (
				1756EEA921E71974005EE332 /* Debug */,
				1756EEAA21E71974005EE332 /* Release */,
			);
			defaultConfigurationIsVisible = 0;
			defaultConfigurationName = Release;
		};
/* End XCConfigurationList section */
	};
	rootObject = 1756EE7221E71973005EE332 /* Project object */;
}
